
Microsoft Visual Studio Solution File, Format Version 12.00
# Visual Studio Version 17
VisualStudioVersion = 17.3.32819.101
MinimumVisualStudioVersion = 10.0.40219.1
Project("{9A19103F-16F7-4668-BE54-9A1E7A4F7556}") = "Core", "Core\Core.csproj", "{95155B77-6291-40B5-81F7-4E0C5EBF9F3D}"
EndProject
Project("{9A19103F-16F7-4668-BE54-9A1E7A4F7556}") = "Service", "Service\Service.csproj", "{0A654A5B-5110-41D8-822A-D8F91BB19779}"
EndProject
Project("{9A19103F-16F7-4668-BE54-9A1E7A4F7556}") = "Biblioteca.Tests", "Biblioteca.Tests\Biblioteca.Tests.csproj", "{86AFFD80-15E2-4A89-88F9-ED967925E7F8}"
EndProject
Project("{9A19103F-16F7-4668-BE54-9A1E7A4F7556}") = "BibliotecaAPI", "BibliotecaAPI\BibliotecaAPI.csproj", "{04503D5F-32AB-428F-A955-27BEB2C6822D}"
EndProject
Global
	GlobalSection(SolutionConfigurationPlatforms) = preSolution
		Debug|Any CPU = Debug|Any CPU
		Release|Any CPU = Release|Any CPU
	EndGlobalSection
	GlobalSection(ProjectConfigurationPlatforms) = postSolution
		{95155B77-6291-40B5-81F7-4E0C5EBF9F3D}.Debug|Any CPU.ActiveCfg = Debug|Any CPU
		{95155B77-6291-40B5-81F7-4E0C5EBF9F3D}.Debug|Any CPU.Build.0 = Debug|Any CPU
		{95155B77-6291-40B5-81F7-4E0C5EBF9F3D}.Release|Any CPU.ActiveCfg = Release|Any CPU
		{95155B77-6291-40B5-81F7-4E0C5EBF9F3D}.Release|Any CPU.Build.0 = Release|Any CPU
		{0A654A5B-5110-41D8-822A-D8F91BB19779}.Debug|Any CPU.ActiveCfg = Debug|Any CPU
		{0A654A5B-5110-41D8-822A-D8F91BB19779}.Debug|Any CPU.Build.0 = Debug|Any CPU
		{0A654A5B-5110-41D8-822A-D8F91BB19779}.Release|Any CPU.ActiveCfg = Release|Any CPU
		{0A654A5B-5110-41D8-822A-D8F91BB19779}.Release|Any CPU.Build.0 = Release|Any CPU
		{86AFFD80-15E2-4A89-88F9-ED967925E7F8}.Debug|Any CPU.ActiveCfg = Debug|Any CPU
		{86AFFD80-15E2-4A89-88F9-ED967925E7F8}.Debug|Any CPU.Build.0 = Debug|Any CPU
		{86AFFD80-15E2-4A89-88F9-ED967925E7F8}.Release|Any CPU.ActiveCfg = Release|Any CPU
		{86AFFD80-15E2-4A89-88F9-ED967925E7F8}.Release|Any CPU.Build.0 = Release|Any CPU
		{04503D5F-32AB-428F-A955-27BEB2C6822D}.Debug|Any CPU.ActiveCfg = Debug|Any CPU
		{04503D5F-32AB-428F-A955-27BEB2C6822D}.Debug|Any CPU.Build.0 = Debug|Any CPU
		{04503D5F-32AB-428F-A955-27BEB2C6822D}.Release|Any CPU.ActiveCfg = Release|Any CPU
		{04503D5F-32AB-428F-A955-27BEB2C6822D}.Release|Any CPU.Build.0 = Release|Any CPU
	EndGlobalSection
	GlobalSection(SolutionProperties) = preSolution
		HideSolutionNode = FALSE
	EndGlobalSection
	GlobalSection(ExtensibilityGlobals) = postSolution
		SolutionGuid = {BD767749-49EA-4790-A358-F10F130E1FF9}
	EndGlobalSection
EndGlobal
